
Microsoft Visual Studio Solution File, Format Version 12.00
# Visual Studio 15
VisualStudioVersion = 15.0.26730.12
MinimumVisualStudioVersion = 10.0.40219.1
Project("{FAE04EC0-301F-11D3-BF4B-00C04F79EFBC}") = "ConsoleApp1", "ConsoleApp1\ConsoleApp1.csproj", "{8AE6A64D-5F39-421F-A8E8-B2B3929AD2E1}"
EndProject
Project("{FAE04EC0-301F-11D3-BF4B-00C04F79EFBC}") = "ConsoleApp1.Contracts", "ConsoleApp1.Contracts\ConsoleApp1.Contracts.csproj", "{5D339576-10DF-4D38-A632-98B8382BF0CC}"
EndProject
Project("{FAE04EC0-301F-11D3-BF4B-00C04F79EFBC}") = "ClassLibrary1.Implementation", "ClassLibrary1.Implementation\ClassLibrary1.Implementation.csproj", "{12D65B03-D0A4-48B0-BE20-2C965AA23152}"
EndProject
Project("{2150E333-8FDC-42A3-9474-1A3956D46DE8}") = "Scripts", "Scripts", "{ACCA0C6A-6416-45D1-AF68-F34935CFDB65}"
	ProjectSection(SolutionItems) = preProject
		build.ps1 = build.ps1
	EndProjectSection
EndProject
Global
	GlobalSection(SolutionConfigurationPlatforms) = preSolution
		Debug|Any CPU = Debug|Any CPU
		Release|Any CPU = Release|Any CPU
	EndGlobalSection
	GlobalSection(ProjectConfigurationPlatforms) = postSolution
		{8AE6A64D-5F39-421F-A8E8-B2B3929AD2E1}.Debug|Any CPU.ActiveCfg = Debug|Any CPU
		{8AE6A64D-5F39-421F-A8E8-B2B3929AD2E1}.Debug|Any CPU.Build.0 = Debug|Any CPU
		{8AE6A64D-5F39-421F-A8E8-B2B3929AD2E1}.Release|Any CPU.ActiveCfg = Release|Any CPU
		{8AE6A64D-5F39-421F-A8E8-B2B3929AD2E1}.Release|Any CPU.Build.0 = Release|Any CPU
		{5D339576-10DF-4D38-A632-98B8382BF0CC}.Debug|Any CPU.ActiveCfg = Debug|Any CPU
		{5D339576-10DF-4D38-A632-98B8382BF0CC}.Debug|Any CPU.Build.0 = Debug|Any CPU
		{5D339576-10DF-4D38-A632-98B8382BF0CC}.Release|Any CPU.ActiveCfg = Release|Any CPU
		{5D339576-10DF-4D38-A632-98B8382BF0CC}.Release|Any CPU.Build.0 = Release|Any CPU
		{12D65B03-D0A4-48B0-BE20-2C965AA23152}.Debug|Any CPU.ActiveCfg = Debug|Any CPU
		{12D65B03-D0A4-48B0-BE20-2C965AA23152}.Debug|Any CPU.Build.0 = Debug|Any CPU
		{12D65B03-D0A4-48B0-BE20-2C965AA23152}.Release|Any CPU.ActiveCfg = Release|Any CPU
		{12D65B03-D0A4-48B0-BE20-2C965AA23152}.Release|Any CPU.Build.0 = Release|Any CPU
	EndGlobalSection
	GlobalSection(SolutionProperties) = preSolution
		HideSolutionNode = FALSE
	EndGlobalSection
	GlobalSection(ExtensibilityGlobals) = postSolution
		SolutionGuid = {2B5A38EF-E9E7-44F1-838A-0931ACEB72AE}
	EndGlobalSection
EndGlobal
